// !$*UTF8*$!
{
	archiveVersion = 1;
	classes = {
	};
	objectVersion = 46;
	objects = {

/* Begin PBXBuildFile section */
		82DB3AD91F989581009B32E4 /* main.m in Sources */ = {isa = PBXBuildFile; fileRef = 82DB3AD81F989581009B32E4 /* main.m */; };
		82DB3ADC1F989581009B32E4 /* AppDelegate.m in Sources */ = {isa = PBXBuildFile; fileRef = 82DB3ADB1F989581009B32E4 /* AppDelegate.m */; };
		82DB3ADF1F989581009B32E4 /* ViewController.m in Sources */ = {isa = PBXBuildFile; fileRef = 82DB3ADE1F989581009B32E4 /* ViewController.m */; };
		82DB3AE21F989581009B32E4 /* Main.storyboard in Resources */ = {isa = PBXBuildFile; fileRef = 82DB3AE01F989581009B32E4 /* Main.storyboard */; };
		82DB3AE41F989581009B32E4 /* Assets.xcassets in Resources */ = {isa = PBXBuildFile; fileRef = 82DB3AE31F989581009B32E4 /* Assets.xcassets */; };
		82DB3AE71F989581009B32E4 /* LaunchScreen.storyboard in Resources */ = {isa = PBXBuildFile; fileRef = 82DB3AE51F989581009B32E4 /* LaunchScreen.storyboard */; };
		82DB3AFA1F989617009B32E4 /* JXPageContentView.m in Sources */ = {isa = PBXBuildFile; fileRef = 82DB3AF01F989617009B32E4 /* JXPageContentView.m */; };
		82DB3AFB1F989617009B32E4 /* JXPageStyle.m in Sources */ = {isa = PBXBuildFile; fileRef = 82DB3AF21F989617009B32E4 /* JXPageStyle.m */; };
		82DB3AFC1F989617009B32E4 /* JXPageView.m in Sources */ = {isa = PBXBuildFile; fileRef = 82DB3AF41F989617009B32E4 /* JXPageView.m */; };
		82DB3AFD1F989617009B32E4 /* JXTitleView.m in Sources */ = {isa = PBXBuildFile; fileRef = 82DB3AF71F989617009B32E4 /* JXTitleView.m */; };
		82DB3AFE1F989617009B32E4 /* UIColor+pageExtension.m in Sources */ = {isa = PBXBuildFile; fileRef = 82DB3AF91F989617009B32E4 /* UIColor+pageExtension.m */; };
		82DB3B001F989836009B32E4 /* JXPageView.gif in Resources */ = {isa = PBXBuildFile; fileRef = 82DB3AFF1F989836009B32E4 /* JXPageView.gif */; };
		841CEBCF220041790030B0D3 /* TableViewController.m in Sources */ = {isa = PBXBuildFile; fileRef = 841CEBCE220041790030B0D3 /* TableViewController.m */; };
/* End PBXBuildFile section */

/* Begin PBXFileReference section */
		82DB3AD41F989581009B32E4 /* JXPageView.app */ = {isa = PBXFileReference; explicitFileType = wrapper.application; includeInIndex = 0; path = JXPageView.app; sourceTree = BUILT_PRODUCTS_DIR; };
		82DB3AD81F989581009B32E4 /* main.m */ = {isa = PBXFileReference; lastKnownFileType = sourcecode.c.objc; path = main.m; sourceTree = "<group>"; };
		82DB3ADA1F989581009B32E4 /* AppDelegate.h */ = {isa = PBXFileReference; lastKnownFileType = sourcecode.c.h; path = AppDelegate.h; sourceTree = "<group>"; };
		82DB3ADB1F989581009B32E4 /* AppDelegate.m */ = {isa = PBXFileReference; lastKnownFileType = sourcecode.c.objc; path = AppDelegate.m; sourceTree = "<group>"; };
		82DB3ADD1F989581009B32E4 /* ViewController.h */ = {isa = PBXFileReference; lastKnownFileType = sourcecode.c.h; path = ViewController.h; sourceTree = "<group>"; };
		82DB3ADE1F989581009B32E4 /* ViewController.m */ = {isa = PBXFileReference; lastKnownFileType = sourcecode.c.objc; path = ViewController.m; sourceTree = "<group>"; };
		82DB3AE11F989581009B32E4 /* Base */ = {isa = PBXFileReference; lastKnownFileType = file.storyboard; name = Base; path = Base.lproj/Main.storyboard; sourceTree = "<group>"; };
		82DB3AE31F989581009B32E4 /* Assets.xcassets */ = {isa = PBXFileReference; lastKnownFileType = folder.assetcatalog; path = Assets.xcassets; sourceTree = "<group>"; };
		82DB3AE61F989581009B32E4 /* Base */ = {isa = PBXFileReference; lastKnownFileType = file.storyboard; name = Base; path = Base.lproj/LaunchScreen.storyboard; sourceTree = "<group>"; };
		82DB3AE81F989581009B32E4 /* Info.plist */ = {isa = PBXFileReference; lastKnownFileType = text.plist.xml; path = Info.plist; sourceTree = "<group>"; };
		82DB3AEF1F989617009B32E4 /* JXPageContentView.h */ = {isa = PBXFileReference; fileEncoding = 4; lastKnownFileType = sourcecode.c.h; path = JXPageContentView.h; sourceTree = "<group>"; };
		82DB3AF01F989617009B32E4 /* JXPageContentView.m */ = {isa = PBXFileReference; fileEncoding = 4; lastKnownFileType = sourcecode.c.objc; path = JXPageContentView.m; sourceTree = "<group>"; };
		82DB3AF11F989617009B32E4 /* JXPageStyle.h */ = {isa = PBXFileReference; fileEncoding = 4; lastKnownFileType = sourcecode.c.h; path = JXPageStyle.h; sourceTree = "<group>"; };
		82DB3AF21F989617009B32E4 /* JXPageStyle.m */ = {isa = PBXFileReference; fileEncoding = 4; lastKnownFileType = sourcecode.c.objc; path = JXPageStyle.m; sourceTree = "<group>"; };
		82DB3AF31F989617009B32E4 /* JXPageView.h */ = {isa = PBXFileReference; fileEncoding = 4; lastKnownFileType = sourcecode.c.h; path = JXPageView.h; sourceTree = "<group>"; };
		82DB3AF41F989617009B32E4 /* JXPageView.m */ = {isa = PBXFileReference; fileEncoding = 4; lastKnownFileType = sourcecode.c.objc; path = JXPageView.m; sourceTree = "<group>"; };
		82DB3AF51F989617009B32E4 /* JXPageViewProtocol.h */ = {isa = PBXFileReference; fileEncoding = 4; lastKnownFileType = sourcecode.c.h; path = JXPageViewProtocol.h; sourceTree = "<group>"; };
		82DB3AF61F989617009B32E4 /* JXTitleView.h */ = {isa = PBXFileReference; fileEncoding = 4; lastKnownFileType = sourcecode.c.h; path = JXTitleView.h; sourceTree = "<group>"; };
		82DB3AF71F989617009B32E4 /* JXTitleView.m */ = {isa = PBXFileReference; fileEncoding = 4; lastKnownFileType = sourcecode.c.objc; path = JXTitleView.m; sourceTree = "<group>"; };
		82DB3AF81F989617009B32E4 /* UIColor+pageExtension.h */ = {isa = PBXFileReference; fileEncoding = 4; lastKnownFileType = sourcecode.c.h; path = "UIColor+pageExtension.h"; sourceTree = "<group>"; };
		82DB3AF91F989617009B32E4 /* UIColor+pageExtension.m */ = {isa = PBXFileReference; fileEncoding = 4; lastKnownFileType = sourcecode.c.objc; path = "UIColor+pageExtension.m"; sourceTree = "<group>"; };
		82DB3AFF1F989836009B32E4 /* JXPageView.gif */ = {isa = PBXFileReference; lastKnownFileType = image.gif; path = JXPageView.gif; sourceTree = "<group>"; };
		841CEBCD220041790030B0D3 /* TableViewController.h */ = {isa = PBXFileReference; lastKnownFileType = sourcecode.c.h; path = TableViewController.h; sourceTree = "<group>"; };
		841CEBCE220041790030B0D3 /* TableViewController.m */ = {isa = PBXFileReference; lastKnownFileType = sourcecode.c.objc; path = TableViewController.m; sourceTree = "<group>"; };
/* End PBXFileReference section */

/* Begin PBXFrameworksBuildPhase section */
		82DB3AD11F989581009B32E4 /* Frameworks */ = {
			isa = PBXFrameworksBuildPhase;
			buildActionMask = 2147483647;
			files = (
			);
			runOnlyForDeploymentPostprocessing = 0;
		};
/* End PBXFrameworksBuildPhase section */

/* Begin PBXGroup section */
		82DB3ACB1F989581009B32E4 = {
			isa = PBXGroup;
			children = (
				82DB3AD61F989581009B32E4 /* JXPageView */,
				82DB3AD51F989581009B32E4 /* Products */,
			);
			sourceTree = "<group>";
		};
		82DB3AD51F989581009B32E4 /* Products */ = {
			isa = PBXGroup;
			children = (
				82DB3AD41F989581009B32E4 /* JXPageView.app */,
			);
			name = Products;
			sourceTree = "<group>";
		};
		82DB3AD61F989581009B32E4 /* JXPageView */ = {
			isa = PBXGroup;
			children = (
				82DB3AEE1F98960C009B32E4 /* JXPageView */,
				82DB3ADA1F989581009B32E4 /* AppDelegate.h */,
				82DB3ADB1F989581009B32E4 /* AppDelegate.m */,
				82DB3ADD1F989581009B32E4 /* ViewController.h */,
				82DB3ADE1F989581009B32E4 /* ViewController.m */,
				841CEBCD220041790030B0D3 /* TableViewController.h */,
				841CEBCE220041790030B0D3 /* TableViewController.m */,
				82DB3AE01F989581009B32E4 /* Main.storyboard */,
				82DB3AE31F989581009B32E4 /* Assets.xcassets */,
				82DB3AE51F989581009B32E4 /* LaunchScreen.storyboard */,
				82DB3AE81F989581009B32E4 /* Info.plist */,
				82DB3AD71F989581009B32E4 /* Supporting Files */,
			);
			path = JXPageView;
			sourceTree = "<group>";
		};
		82DB3AD71F989581009B32E4 /* Supporting Files */ = {
			isa = PBXGroup;
			children = (
				82DB3AFF1F989836009B32E4 /* JXPageView.gif */,
				82DB3AD81F989581009B32E4 /* main.m */,
			);
			name = "Supporting Files";
			sourceTree = "<group>";
		};
		82DB3AEE1F98960C009B32E4 /* JXPageView */ = {
			isa = PBXGroup;
			children = (
				82DB3AEF1F989617009B32E4 /* JXPageContentView.h */,
				82DB3AF01F989617009B32E4 /* JXPageContentView.m */,
				82DB3AF11F989617009B32E4 /* JXPageStyle.h */,
				82DB3AF21F989617009B32E4 /* JXPageStyle.m */,
				82DB3AF31F989617009B32E4 /* JXPageView.h */,
				82DB3AF41F989617009B32E4 /* JXPageView.m */,
				82DB3AF51F989617009B32E4 /* JXPageViewProtocol.h */,
				82DB3AF61F989617009B32E4 /* JXTitleView.h */,
				82DB3AF71F989617009B32E4 /* JXTitleView.m */,
				82DB3AF81F989617009B32E4 /* UIColor+pageExtension.h */,
				82DB3AF91F989617009B32E4 /* UIColor+pageExtension.m */,
			);
			path = JXPageView;
			sourceTree = "<group>";
		};
/* End PBXGroup section */

/* Begin PBXNativeTarget section */
		82DB3AD31F989581009B32E4 /* JXPageView */ = {
			isa = PBXNativeTarget;
			buildConfigurationList = 82DB3AEB1F989581009B32E4 /* Build configuration list for PBXNativeTarget "JXPageView" */;
			buildPhases = (
				82DB3AD01F989581009B32E4 /* Sources */,
				82DB3AD11F989581009B32E4 /* Frameworks */,
				82DB3AD21F989581009B32E4 /* Resources */,
			);
			buildRules = (
			);
			dependencies = (
			);
			name = JXPageView;
			productName = JXPageView;
			productReference = 82DB3AD41F989581009B32E4 /* JXPageView.app */;
			productType = "com.apple.product-type.application";
		};
/* End PBXNativeTarget section */

/* Begin PBXProject section */
		82DB3ACC1F989581009B32E4 /* Project object */ = {
			isa = PBXProject;
			attributes = {
				LastUpgradeCheck = 0830;
				ORGANIZATIONNAME = yituiyun;
				TargetAttributes = {
					82DB3AD31F989581009B32E4 = {
						CreatedOnToolsVersion = 8.3.2;
						DevelopmentTeam = 7TM5A6A2L6;
						ProvisioningStyle = Automatic;
					};
				};
			};
			buildConfigurationList = 82DB3ACF1F989581009B32E4 /* Build configuration list for PBXProject "JXPageView" */;
			compatibilityVersion = "Xcode 3.2";
			developmentRegion = English;
			hasScannedForEncodings = 0;
			knownRegions = (
				en,
				Base,
			);
			mainGroup = 82DB3ACB1F989581009B32E4;
			productRefGroup = 82DB3AD51F989581009B32E4 /* Products */;
			projectDirPath = "";
			projectRoot = "";
			targets = (
				82DB3AD31F989581009B32E4 /* JXPageView */,
			);
		};
/* End PBXProject section */

/* Begin PBXResourcesBuildPhase section */
		82DB3AD21F989581009B32E4 /* Resources */ = {
			isa = PBXResourcesBuildPhase;
			buildActionMask = 2147483647;
			files = (
				82DB3B001F989836009B32E4 /* JXPageView.gif in Resources */,
				82DB3AE71F989581009B32E4 /* LaunchScreen.storyboard in Resources */,
				82DB3AE41F989581009B32E4 /* Assets.xcassets in Resources */,
				82DB3AE21F989581009B32E4 /* Main.storyboard in Resources */,
			);
			runOnlyForDeploymentPostprocessing = 0;
		};
/* End PBXResourcesBuildPhase section */

/* Begin PBXSourcesBuildPhase section */
		82DB3AD01F989581009B32E4 /* Sources */ = {
			isa = PBXSourcesBuildPhase;
			buildActionMask = 2147483647;
			files = (
				82DB3AFD1F989617009B32E4 /* JXTitleView.m in Sources */,
				82DB3AFB1F989617009B32E4 /* JXPageStyle.m in Sources */,
				82DB3ADF1F989581009B32E4 /* ViewController.m in Sources */,
				82DB3ADC1F989581009B32E4 /* AppDelegate.m in Sources */,
				841CEBCF220041790030B0D3 /* TableViewController.m in Sources */,
				82DB3AFE1F989617009B32E4 /* UIColor+pageExtension.m in Sources */,
				82DB3AFC1F989617009B32E4 /* JXPageView.m in Sources */,
				82DB3AD91F989581009B32E4 /* main.m in Sources */,
				82DB3AFA1F989617009B32E4 /* JXPageContentView.m in Sources */,
			);
			runOnlyForDeploymentPostprocessing = 0;
		};
/* End PBXSourcesBuildPhase section */

/* Begin PBXVariantGroup section */
		82DB3AE01F989581009B32E4 /* Main.storyboard */ = {
			isa = PBXVariantGroup;
			children = (
				82DB3AE11F989581009B32E4 /* Base */,
			);
			name = Main.storyboard;
			sourceTree = "<group>";
		};
		82DB3AE51F989581009B32E4 /* LaunchScreen.storyboard */ = {
			isa = PBXVariantGroup;
			children = (
				82DB3AE61F989581009B32E4 /* Base */,
			);
			name = LaunchScreen.storyboard;
			sourceTree = "<group>";
		};
/* End PBXVariantGroup section */

/* Begin XCBuildConfiguration section */
		82DB3AE91F989581009B32E4 /* Debug */ = {
			isa = XCBuildConfiguration;
			buildSettings = {
				ALWAYS_SEARCH_USER_PATHS = NO;
				CLANG_ANALYZER_NONNULL = YES;
				CLANG_ANALYZER_NUMBER_OBJECT_CONVERSION = YES_AGGRESSIVE;
				CLANG_CXX_LANGUAGE_STANDARD = "gnu++0x";
				CLANG_CXX_LIBRARY = "libc++";
				CLANG_ENABLE_MODULES = YES;
				CLANG_ENABLE_OBJC_ARC = YES;
				CLANG_WARN_BOOL_CONVERSION = YES;
				CLANG_WARN_CONSTANT_CONVERSION = YES;
				CLANG_WARN_DIRECT_OBJC_ISA_USAGE = YES_ERROR;
				CLANG_WARN_DOCUMENTATION_COMMENTS = YES;
				CLANG_WARN_EMPTY_BODY = YES;
				CLANG_WARN_ENUM_CONVERSION = YES;
				CLANG_WARN_INFINITE_RECURSION = YES;
				CLANG_WARN_INT_CONVERSION = YES;
				CLANG_WARN_OBJC_ROOT_CLASS = YES_ERROR;
				CLANG_WARN_SUSPICIOUS_MOVE = YES;
				CLANG_WARN_UNREACHABLE_CODE = YES;
				CLANG_WARN__DUPLICATE_METHOD_MATCH = YES;
				"CODE_SIGN_IDENTITY[sdk=iphoneos*]" = "iPhone Developer";
				COPY_PHASE_STRIP = NO;
				DEBUG_INFORMATION_FORMAT = dwarf;
				ENABLE_STRICT_OBJC_MSGSEND = YES;
				ENABLE_TESTABILITY = YES;
				GCC_C_LANGUAGE_STANDARD = gnu99;
				GCC_DYNAMIC_NO_PIC = NO;
				GCC_NO_COMMON_BLOCKS = YES;
				GCC_OPTIMIZATION_LEVEL = 0;
				GCC_PREPROCESSOR_DEFINITIONS = (
					"DEBUG=1",
					"$(inherited)",
				);
				GCC_WARN_64_TO_32_BIT_CONVERSION = YES;
				GCC_WARN_ABOUT_RETURN_TYPE = YES_ERROR;
				GCC_WARN_UNDECLARED_SELECTOR = YES;
				GCC_WARN_UNINITIALIZED_AUTOS = YES_AGGRESSIVE;
				GCC_WARN_UNUSED_FUNCTION = YES;
				GCC_WARN_UNUSED_VARIABLE = YES;
				IPHONEOS_DEPLOYMENT_TARGET = 10.3;
				MTL_ENABLE_DEBUG_INFO = YES;
				ONLY_ACTIVE_ARCH = YES;
				SDKROOT = iphoneos;
				TARGETED_DEVICE_FAMILY = "1,2";
			};
			name = Debug;
		};
		82DB3AEA1F989581009B32E4 /* Release */ = {
			isa = XCBuildConfiguration;
			buildSettings = {
				ALWAYS_SEARCH_USER_PATHS = NO;
				CLANG_ANALYZER_NONNULL = YES;
				CLANG_ANALYZER_NUMBER_OBJECT_CONVERSION = YES_AGGRESSIVE;
				CLANG_CXX_LANGUAGE_STANDARD = "gnu++0x";
				CLANG_CXX_LIBRARY = "libc++";
				CLANG_ENABLE_MODULES = YES;
				CLANG_ENABLE_OBJC_ARC = YES;
				CLANG_WARN_BOOL_CONVERSION = YES;
				CLANG_WARN_CONSTANT_CONVERSION = YES;
				CLANG_WARN_DIRECT_OBJC_ISA_USAGE = YES_ERROR;
				CLANG_WARN_DOCUMENTATION_COMMENTS = YES;
				CLANG_WARN_EMPTY_BODY = YES;
				CLANG_WARN_ENUM_CONVERSION = YES;
				CLANG_WARN_INFINITE_RECURSION = YES;
				CLANG_WARN_INT_CONVERSION = YES;
				CLANG_WARN_OBJC_ROOT_CLASS = YES_ERROR;
				CLANG_WARN_SUSPICIOUS_MOVE = YES;
				CLANG_WARN_UNREACHABLE_CODE = YES;
				CLANG_WARN__DUPLICATE_METHOD_MATCH = YES;
				"CODE_SIGN_IDENTITY[sdk=iphoneos*]" = "iPhone Developer";
				COPY_PHASE_STRIP = NO;
				DEBUG_INFORMATION_FORMAT = "dwarf-with-dsym";
				ENABLE_NS_ASSERTIONS = NO;
				ENABLE_STRICT_OBJC_MSGSEND = YES;
				GCC_C_LANGUAGE_STANDARD = gnu99;
				GCC_NO_COMMON_BLOCKS = YES;
				GCC_WARN_64_TO_32_BIT_CONVERSION = YES;
				GCC_WARN_ABOUT_RETURN_TYPE = YES_ERROR;
				GCC_WARN_UNDECLARED_SELECTOR = YES;
				GCC_WARN_UNINITIALIZED_AUTOS = YES_AGGRESSIVE;
				GCC_WARN_UNUSED_FUNCTION = YES;
				GCC_WARN_UNUSED_VARIABLE = YES;
				IPHONEOS_DEPLOYMENT_TARGET = 10.3;
				MTL_ENABLE_DEBUG_INFO = NO;
				SDKROOT = iphoneos;
				TARGETED_DEVICE_FAMILY = "1,2";
				VALIDATE_PRODUCT = YES;
			};
			name = Release;
		};
		82DB3AEC1F989581009B32E4 /* Debug */ = {
			isa = XCBuildConfiguration;
			buildSettings = {
				ASSETCATALOG_COMPILER_APPICON_NAME = AppIcon;
				DEVELOPMENT_TEAM = 7TM5A6A2L6;
				INFOPLIST_FILE = JXPageView/Info.plist;
				IPHONEOS_DEPLOYMENT_TARGET = 10.2;
				LD_RUNPATH_SEARCH_PATHS = "$(inherited) @executable_path/Frameworks";
				PRODUCT_BUNDLE_IDENTIFIER = com.JXPageView.icon;
				PRODUCT_NAME = "$(TARGET_NAME)";
			};
			name = Debug;
		};
		82DB3AED1F989581009B32E4 /* Release */ = {
			isa = XCBuildConfiguration;
			buildSettings = {
				ASSETCATALOG_COMPILER_APPICON_NAME = AppIcon;
				DEVELOPMENT_TEAM = 7TM5A6A2L6;
				INFOPLIST_FILE = JXPageView/Info.plist;
				IPHONEOS_DEPLOYMENT_TARGET = 10.2;
				LD_RUNPATH_SEARCH_PATHS = "$(inherited) @executable_path/Frameworks";
				PRODUCT_BUNDLE_IDENTIFIER = com.JXPageView.icon;
				PRODUCT_NAME = "$(TARGET_NAME)";
			};
			name = Release;
		};
/* End XCBuildConfiguration section */

/* Begin XCConfigurationList section */
		82DB3ACF1F989581009B32E4 /* Build configuration list for PBXProject "JXPageView" */ = {
			isa = XCConfigurationList;
			buildConfigurations = (
				82DB3AE91F989581009B32E4 /* Debug */,
				82DB3AEA1F989581009B32E4 /* Release */,
			);
			defaultConfigurationIsVisible = 0;
			defaultConfigurationName = Release;
		};
		82DB3AEB1F989581009B32E4 /* Build configuration list for PBXNativeTarget "JXPageView" */ = {
			isa = XCConfigurationList;
			buildConfigurations = (
				82DB3AEC1F989581009B32E4 /* Debug */,
				82DB3AED1F989581009B32E4 /* Release */,
			);
			defaultConfigurationIsVisible = 0;
			defaultConfigurationName = Release;
		};
/* End XCConfigurationList section */
	};
	rootObject = 82DB3ACC1F989581009B32E4 /* Project object */;
}
